// !$*UTF8*$!
{
	archiveVersion = 1;
	classes = {
	};
	objectVersion = 55;
	objects = {

/* Begin PBXBuildFile section */
		713BA87F2787965C00A312FF /* EditProfileView.swift in Sources */ = {isa = PBXBuildFile; fileRef = 713BA87E2787965C00A312FF /* EditProfileView.swift */; };
		7191B82127922F5D0048C349 /* ProfileModel.swift in Sources */ = {isa = PBXBuildFile; fileRef = 7191B82027922F5D0048C349 /* ProfileModel.swift */; };
		71C64C4F278F6FC700D026DD /* MessagesViewModel.swift in Sources */ = {isa = PBXBuildFile; fileRef = 71C64C4E278F6FC700D026DD /* MessagesViewModel.swift */; };
		901978A6278532A200310D01 /* AuthenticationViewModel.swift in Sources */ = {isa = PBXBuildFile; fileRef = 901978A5278532A200310D01 /* AuthenticationViewModel.swift */; };
		901C27562770FBC30043CFFE /* BigRedTalksApp.swift in Sources */ = {isa = PBXBuildFile; fileRef = 901C27552770FBC30043CFFE /* BigRedTalksApp.swift */; };
		901C27582770FBC30043CFFE /* ContentView.swift in Sources */ = {isa = PBXBuildFile; fileRef = 901C27572770FBC30043CFFE /* ContentView.swift */; };
		901C275A2770FBC60043CFFE /* Assets.xcassets in Resources */ = {isa = PBXBuildFile; fileRef = 901C27592770FBC60043CFFE /* Assets.xcassets */; };
		901C275D2770FBC60043CFFE /* Preview Assets.xcassets in Resources */ = {isa = PBXBuildFile; fileRef = 901C275C2770FBC60043CFFE /* Preview Assets.xcassets */; };
		901EF3D027853C1F00EAC7C6 /* MessagingView.swift in Sources */ = {isa = PBXBuildFile; fileRef = 901EF3CF27853C1F00EAC7C6 /* MessagingView.swift */; };
		904944B9277125D0000FE816 /* LoadingView.swift in Sources */ = {isa = PBXBuildFile; fileRef = 904944B8277125D0000FE816 /* LoadingView.swift */; };
		904944BB27712775000FE816 /* VerifyLocationView.swift in Sources */ = {isa = PBXBuildFile; fileRef = 904944BA27712775000FE816 /* VerifyLocationView.swift */; };
		904944C12771406E000FE816 /* LoginView.swift in Sources */ = {isa = PBXBuildFile; fileRef = 904944C02771406E000FE816 /* LoginView.swift */; };
		9079E28227860B040058CDAF /* HomeView.swift in Sources */ = {isa = PBXBuildFile; fileRef = 9079E28127860B040058CDAF /* HomeView.swift */; };
		9079E2842786418C0058CDAF /* IntroView1.swift in Sources */ = {isa = PBXBuildFile; fileRef = 9079E2832786418C0058CDAF /* IntroView1.swift */; };
		9079E2862786461A0058CDAF /* IntroView2.swift in Sources */ = {isa = PBXBuildFile; fileRef = 9079E2852786461A0058CDAF /* IntroView2.swift */; };
		9079E288278646230058CDAF /* IntroView3.swift in Sources */ = {isa = PBXBuildFile; fileRef = 9079E287278646230058CDAF /* IntroView3.swift */; };
		9079E28A278647870058CDAF /* LocationManager.swift in Sources */ = {isa = PBXBuildFile; fileRef = 9079E289278647870058CDAF /* LocationManager.swift */; };
		9079E28C278679890058CDAF /* PremadeButtons.swift in Sources */ = {isa = PBXBuildFile; fileRef = 9079E28B278679890058CDAF /* PremadeButtons.swift */; };
		907EB5E3278516CA00AFEA2B /* GoogleService-Info.plist in Resources */ = {isa = PBXBuildFile; fileRef = 907EB5E2278516CA00AFEA2B /* GoogleService-Info.plist */; };
		9082F1412784F62E0057AAC7 /* OutOfBoundsView.swift in Sources */ = {isa = PBXBuildFile; fileRef = 9082F1402784F62E0057AAC7 /* OutOfBoundsView.swift */; };
		E41CF8506E93A187D32834E8 /* Pods_BigRedTalks.framework in Frameworks */ = {isa = PBXBuildFile; fileRef = 29E529B4B8A7189A6DA540E9 /* Pods_BigRedTalks.framework */; };
/* End PBXBuildFile section */

/* Begin PBXFileReference section */
		0DA05D5882A23CDC8A82FCF9 /* Pods-BigRedTalks.release.xcconfig */ = {isa = PBXFileReference; includeInIndex = 1; lastKnownFileType = text.xcconfig; name = "Pods-BigRedTalks.release.xcconfig"; path = "Target Support Files/Pods-BigRedTalks/Pods-BigRedTalks.release.xcconfig"; sourceTree = "<group>"; };
		29E529B4B8A7189A6DA540E9 /* Pods_BigRedTalks.framework */ = {isa = PBXFileReference; explicitFileType = wrapper.framework; includeInIndex = 0; path = Pods_BigRedTalks.framework; sourceTree = BUILT_PRODUCTS_DIR; };
		713BA87E2787965C00A312FF /* EditProfileView.swift */ = {isa = PBXFileReference; lastKnownFileType = sourcecode.swift; path = EditProfileView.swift; sourceTree = "<group>"; };
		7191B82027922F5D0048C349 /* ProfileModel.swift */ = {isa = PBXFileReference; lastKnownFileType = sourcecode.swift; path = ProfileModel.swift; sourceTree = "<group>"; };
		71C64C4E278F6FC700D026DD /* MessagesViewModel.swift */ = {isa = PBXFileReference; lastKnownFileType = sourcecode.swift; path = MessagesViewModel.swift; sourceTree = "<group>"; };
		7FE0BABE80C631ED0AC299F4 /* Pods-BigRedTalks.debug.xcconfig */ = {isa = PBXFileReference; includeInIndex = 1; lastKnownFileType = text.xcconfig; name = "Pods-BigRedTalks.debug.xcconfig"; path = "Target Support Files/Pods-BigRedTalks/Pods-BigRedTalks.debug.xcconfig"; sourceTree = "<group>"; };
		901978A5278532A200310D01 /* AuthenticationViewModel.swift */ = {isa = PBXFileReference; lastKnownFileType = sourcecode.swift; path = AuthenticationViewModel.swift; sourceTree = "<group>"; };
		901C27522770FBC30043CFFE /* BigRedTalks.app */ = {isa = PBXFileReference; explicitFileType = wrapper.application; includeInIndex = 0; path = BigRedTalks.app; sourceTree = BUILT_PRODUCTS_DIR; };
		901C27552770FBC30043CFFE /* BigRedTalksApp.swift */ = {isa = PBXFileReference; lastKnownFileType = sourcecode.swift; path = BigRedTalksApp.swift; sourceTree = "<group>"; };
		901C27572770FBC30043CFFE /* ContentView.swift */ = {isa = PBXFileReference; lastKnownFileType = sourcecode.swift; path = ContentView.swift; sourceTree = "<group>"; };
		901C27592770FBC60043CFFE /* Assets.xcassets */ = {isa = PBXFileReference; lastKnownFileType = folder.assetcatalog; path = Assets.xcassets; sourceTree = "<group>"; };
		901C275C2770FBC60043CFFE /* Preview Assets.xcassets */ = {isa = PBXFileReference; lastKnownFileType = folder.assetcatalog; path = "Preview Assets.xcassets"; sourceTree = "<group>"; };
		901EF3CF27853C1F00EAC7C6 /* MessagingView.swift */ = {isa = PBXFileReference; lastKnownFileType = sourcecode.swift; path = MessagingView.swift; sourceTree = "<group>"; };
		904944B8277125D0000FE816 /* LoadingView.swift */ = {isa = PBXFileReference; lastKnownFileType = sourcecode.swift; path = LoadingView.swift; sourceTree = "<group>"; };
		904944BA27712775000FE816 /* VerifyLocationView.swift */ = {isa = PBXFileReference; lastKnownFileType = sourcecode.swift; path = VerifyLocationView.swift; sourceTree = "<group>"; };
		904944C02771406E000FE816 /* LoginView.swift */ = {isa = PBXFileReference; lastKnownFileType = sourcecode.swift; path = LoginView.swift; sourceTree = "<group>"; };
		9079E28127860B040058CDAF /* HomeView.swift */ = {isa = PBXFileReference; lastKnownFileType = sourcecode.swift; path = HomeView.swift; sourceTree = "<group>"; };
		9079E2832786418C0058CDAF /* IntroView1.swift */ = {isa = PBXFileReference; lastKnownFileType = sourcecode.swift; path = IntroView1.swift; sourceTree = "<group>"; };
		9079E2852786461A0058CDAF /* IntroView2.swift */ = {isa = PBXFileReference; lastKnownFileType = sourcecode.swift; path = IntroView2.swift; sourceTree = "<group>"; };
		9079E287278646230058CDAF /* IntroView3.swift */ = {isa = PBXFileReference; lastKnownFileType = sourcecode.swift; path = IntroView3.swift; sourceTree = "<group>"; };
		9079E289278647870058CDAF /* LocationManager.swift */ = {isa = PBXFileReference; lastKnownFileType = sourcecode.swift; path = LocationManager.swift; sourceTree = "<group>"; };
		9079E28B278679890058CDAF /* PremadeButtons.swift */ = {isa = PBXFileReference; lastKnownFileType = sourcecode.swift; path = PremadeButtons.swift; sourceTree = "<group>"; };
		907EB5E2278516CA00AFEA2B /* GoogleService-Info.plist */ = {isa = PBXFileReference; fileEncoding = 4; lastKnownFileType = text.plist.xml; path = "GoogleService-Info.plist"; sourceTree = "<group>"; };
		9082F1402784F62E0057AAC7 /* OutOfBoundsView.swift */ = {isa = PBXFileReference; lastKnownFileType = sourcecode.swift; path = OutOfBoundsView.swift; sourceTree = "<group>"; };
/* End PBXFileReference section */

/* Begin PBXFrameworksBuildPhase section */
		901C274F2770FBC30043CFFE /* Frameworks */ = {
			isa = PBXFrameworksBuildPhase;
			buildActionMask = 2147483647;
			files = (
				E41CF8506E93A187D32834E8 /* Pods_BigRedTalks.framework in Frameworks */,
			);
			runOnlyForDeploymentPostprocessing = 0;
		};
/* End PBXFrameworksBuildPhase section */

/* Begin PBXGroup section */
		31FD6462F3D49128C7585231 /* Pods */ = {
			isa = PBXGroup;
			children = (
				7FE0BABE80C631ED0AC299F4 /* Pods-BigRedTalks.debug.xcconfig */,
				0DA05D5882A23CDC8A82FCF9 /* Pods-BigRedTalks.release.xcconfig */,
			);
			path = Pods;
			sourceTree = "<group>";
		};
		901978A42785327700310D01 /* Services */ = {
			isa = PBXGroup;
			children = (
				901978A5278532A200310D01 /* AuthenticationViewModel.swift */,
			);
			path = Services;
			sourceTree = "<group>";
		};
		901C27492770FBC30043CFFE = {
			isa = PBXGroup;
			children = (
				901C27542770FBC30043CFFE /* BigRedTalks */,
				901C27532770FBC30043CFFE /* Products */,
				31FD6462F3D49128C7585231 /* Pods */,
				DE5CD1F77E3B8691B61CE5AB /* Frameworks */,
			);
			sourceTree = "<group>";
		};
		901C27532770FBC30043CFFE /* Products */ = {
			isa = PBXGroup;
			children = (
				901C27522770FBC30043CFFE /* BigRedTalks.app */,
			);
			name = Products;
			sourceTree = "<group>";
		};
		901C27542770FBC30043CFFE /* BigRedTalks */ = {
			isa = PBXGroup;
			children = (
				901978A42785327700310D01 /* Services */,
				907EB5E2278516CA00AFEA2B /* GoogleService-Info.plist */,
				9082F145278500760057AAC7 /* Utilities */,
				904944BD277127B3000FE816 /* Managers */,
				903DBD5E2771239600BB2B02 /* Views */,
				901C27552770FBC30043CFFE /* BigRedTalksApp.swift */,
				901C27592770FBC60043CFFE /* Assets.xcassets */,
				901C275B2770FBC60043CFFE /* Preview Content */,
			);
			path = BigRedTalks;
			sourceTree = "<group>";
		};
		901C275B2770FBC60043CFFE /* Preview Content */ = {
			isa = PBXGroup;
			children = (
				901C275C2770FBC60043CFFE /* Preview Assets.xcassets */,
			);
			path = "Preview Content";
			sourceTree = "<group>";
		};
		903DBD5E2771239600BB2B02 /* Views */ = {
			isa = PBXGroup;
			children = (
				901C27572770FBC30043CFFE /* ContentView.swift */,
				904944B8277125D0000FE816 /* LoadingView.swift */,
				904944BA27712775000FE816 /* VerifyLocationView.swift */,
				904944C02771406E000FE816 /* LoginView.swift */,
				9082F1402784F62E0057AAC7 /* OutOfBoundsView.swift */,
				901EF3CF27853C1F00EAC7C6 /* MessagingView.swift */,
				9079E28127860B040058CDAF /* HomeView.swift */,
				9079E2832786418C0058CDAF /* IntroView1.swift */,
				9079E2852786461A0058CDAF /* IntroView2.swift */,
				9079E287278646230058CDAF /* IntroView3.swift */,
				713BA87E2787965C00A312FF /* EditProfileView.swift */,
			);
			path = Views;
			sourceTree = "<group>";
		};
		904944BD277127B3000FE816 /* Managers */ = {
			isa = PBXGroup;
			children = (
				9079E289278647870058CDAF /* LocationManager.swift */,
			);
			path = Managers;
			sourceTree = "<group>";
		};
		9082F145278500760057AAC7 /* Utilities */ = {
			isa = PBXGroup;
			children = (
				9079E28B278679890058CDAF /* PremadeButtons.swift */,
				71C64C4E278F6FC700D026DD /* MessagesViewModel.swift */,
				7191B82027922F5D0048C349 /* ProfileModel.swift */,
			);
			path = Utilities;
			sourceTree = "<group>";
		};
		DE5CD1F77E3B8691B61CE5AB /* Frameworks */ = {
			isa = PBXGroup;
			children = (
				29E529B4B8A7189A6DA540E9 /* Pods_BigRedTalks.framework */,
			);
			name = Frameworks;
			sourceTree = "<group>";
		};
/* End PBXGroup section */

/* Begin PBXNativeTarget section */
		901C27512770FBC30043CFFE /* BigRedTalks */ = {
			isa = PBXNativeTarget;
			buildConfigurationList = 901C27602770FBC60043CFFE /* Build configuration list for PBXNativeTarget "BigRedTalks" */;
			buildPhases = (
				983ABA119E9750E7A4CEB2C4 /* [CP] Check Pods Manifest.lock */,
				901C274E2770FBC30043CFFE /* Sources */,
				901C274F2770FBC30043CFFE /* Frameworks */,
				901C27502770FBC30043CFFE /* Resources */,
				FC073F4CA84E750EFBB98B58 /* [CP] Embed Pods Frameworks */,
				8807DAA1BE631C0B388F090F /* [CP] Copy Pods Resources */,
			);
			buildRules = (
			);
			dependencies = (
			);
			name = BigRedTalks;
			productName = BigRedTalks;
			productReference = 901C27522770FBC30043CFFE /* BigRedTalks.app */;
			productType = "com.apple.product-type.application";
		};
/* End PBXNativeTarget section */

/* Begin PBXProject section */
		901C274A2770FBC30043CFFE /* Project object */ = {
			isa = PBXProject;
			attributes = {
				BuildIndependentTargetsInParallel = 1;
				LastSwiftUpdateCheck = 1310;
				LastUpgradeCheck = 1310;
				TargetAttributes = {
					901C27512770FBC30043CFFE = {
						CreatedOnToolsVersion = 13.1;
					};
				};
			};
			buildConfigurationList = 901C274D2770FBC30043CFFE /* Build configuration list for PBXProject "BigRedTalks" */;
			compatibilityVersion = "Xcode 13.0";
			developmentRegion = en;
			hasScannedForEncodings = 0;
			knownRegions = (
				en,
				Base,
			);
			mainGroup = 901C27492770FBC30043CFFE;
			productRefGroup = 901C27532770FBC30043CFFE /* Products */;
			projectDirPath = "";
			projectRoot = "";
			targets = (
				901C27512770FBC30043CFFE /* BigRedTalks */,
			);
		};
/* End PBXProject section */

/* Begin PBXResourcesBuildPhase section */
		901C27502770FBC30043CFFE /* Resources */ = {
			isa = PBXResourcesBuildPhase;
			buildActionMask = 2147483647;
			files = (
				901C275D2770FBC60043CFFE /* Preview Assets.xcassets in Resources */,
				901C275A2770FBC60043CFFE /* Assets.xcassets in Resources */,
				907EB5E3278516CA00AFEA2B /* GoogleService-Info.plist in Resources */,
			);
			runOnlyForDeploymentPostprocessing = 0;
		};
/* End PBXResourcesBuildPhase section */

/* Begin PBXShellScriptBuildPhase section */
		8807DAA1BE631C0B388F090F /* [CP] Copy Pods Resources */ = {
			isa = PBXShellScriptBuildPhase;
			buildActionMask = 2147483647;
			files = (
			);
			inputFileListPaths = (
				"${PODS_ROOT}/Target Support Files/Pods-BigRedTalks/Pods-BigRedTalks-resources-${CONFIGURATION}-input-files.xcfilelist",
			);
			name = "[CP] Copy Pods Resources";
			outputFileListPaths = (
				"${PODS_ROOT}/Target Support Files/Pods-BigRedTalks/Pods-BigRedTalks-resources-${CONFIGURATION}-output-files.xcfilelist",
			);
			runOnlyForDeploymentPostprocessing = 0;
			shellPath = /bin/sh;
			shellScript = "\"${PODS_ROOT}/Target Support Files/Pods-BigRedTalks/Pods-BigRedTalks-resources.sh\"\n";
			showEnvVarsInLog = 0;
		};
		983ABA119E9750E7A4CEB2C4 /* [CP] Check Pods Manifest.lock */ = {
			isa = PBXShellScriptBuildPhase;
			buildActionMask = 2147483647;
			files = (
			);
			inputFileListPaths = (
			);
			inputPaths = (
				"${PODS_PODFILE_DIR_PATH}/Podfile.lock",
				"${PODS_ROOT}/Manifest.lock",
			);
			name = "[CP] Check Pods Manifest.lock";
			outputFileListPaths = (
			);
			outputPaths = (
				"$(DERIVED_FILE_DIR)/Pods-BigRedTalks-checkManifestLockResult.txt",
			);
			runOnlyForDeploymentPostprocessing = 0;
			shellPath = /bin/sh;
			shellScript = "diff \"${PODS_PODFILE_DIR_PATH}/Podfile.lock\" \"${PODS_ROOT}/Manifest.lock\" > /dev/null\nif [ $? != 0 ] ; then\n    # print error to STDERR\n    echo \"error: The sandbox is not in sync with the Podfile.lock. Run 'pod install' or update your CocoaPods installation.\" >&2\n    exit 1\nfi\n# This output is used by Xcode 'outputs' to avoid re-running this script phase.\necho \"SUCCESS\" > \"${SCRIPT_OUTPUT_FILE_0}\"\n";
			showEnvVarsInLog = 0;
		};
		FC073F4CA84E750EFBB98B58 /* [CP] Embed Pods Frameworks */ = {
			isa = PBXShellScriptBuildPhase;
			buildActionMask = 2147483647;
			files = (
			);
			inputFileListPaths = (
				"${PODS_ROOT}/Target Support Files/Pods-BigRedTalks/Pods-BigRedTalks-frameworks-${CONFIGURATION}-input-files.xcfilelist",
			);
			name = "[CP] Embed Pods Frameworks";
			outputFileListPaths = (
				"${PODS_ROOT}/Target Support Files/Pods-BigRedTalks/Pods-BigRedTalks-frameworks-${CONFIGURATION}-output-files.xcfilelist",
			);
			runOnlyForDeploymentPostprocessing = 0;
			shellPath = /bin/sh;
			shellScript = "\"${PODS_ROOT}/Target Support Files/Pods-BigRedTalks/Pods-BigRedTalks-frameworks.sh\"\n";
			showEnvVarsInLog = 0;
		};
/* End PBXShellScriptBuildPhase section */

/* Begin PBXSourcesBuildPhase section */
		901C274E2770FBC30043CFFE /* Sources */ = {
			isa = PBXSourcesBuildPhase;
			buildActionMask = 2147483647;
			files = (
				904944C12771406E000FE816 /* LoginView.swift in Sources */,
				9079E28C278679890058CDAF /* PremadeButtons.swift in Sources */,
				901C27582770FBC30043CFFE /* ContentView.swift in Sources */,
				71C64C4F278F6FC700D026DD /* MessagesViewModel.swift in Sources */,
				713BA87F2787965C00A312FF /* EditProfileView.swift in Sources */,
				9079E28A278647870058CDAF /* LocationManager.swift in Sources */,
				901C27562770FBC30043CFFE /* BigRedTalksApp.swift in Sources */,
				904944BB27712775000FE816 /* VerifyLocationView.swift in Sources */,
				9082F1412784F62E0057AAC7 /* OutOfBoundsView.swift in Sources */,
				7191B82127922F5D0048C349 /* ProfileModel.swift in Sources */,
				901978A6278532A200310D01 /* AuthenticationViewModel.swift in Sources */,
				901EF3D027853C1F00EAC7C6 /* MessagingView.swift in Sources */,
				9079E2862786461A0058CDAF /* IntroView2.swift in Sources */,
				9079E28227860B040058CDAF /* HomeView.swift in Sources */,
				904944B9277125D0000FE816 /* LoadingView.swift in Sources */,
				9079E288278646230058CDAF /* IntroView3.swift in Sources */,
				9079E2842786418C0058CDAF /* IntroView1.swift in Sources */,
			);
			runOnlyForDeploymentPostprocessing = 0;
		};
/* End PBXSourcesBuildPhase section */

/* Begin XCBuildConfiguration section */
		901C275E2770FBC60043CFFE /* Debug */ = {
			isa = XCBuildConfiguration;
			buildSettings = {
				ALWAYS_SEARCH_USER_PATHS = NO;
				CLANG_ANALYZER_NONNULL = YES;
				CLANG_ANALYZER_NUMBER_OBJECT_CONVERSION = YES_AGGRESSIVE;
				CLANG_CXX_LANGUAGE_STANDARD = "gnu++17";
				CLANG_CXX_LIBRARY = "libc++";
				CLANG_ENABLE_MODULES = YES;
				CLANG_ENABLE_OBJC_ARC = YES;
				CLANG_ENABLE_OBJC_WEAK = YES;
				CLANG_WARN_BLOCK_CAPTURE_AUTORELEASING = YES;
				CLANG_WARN_BOOL_CONVERSION = YES;
				CLANG_WARN_COMMA = YES;
				CLANG_WARN_CONSTANT_CONVERSION = YES;
				CLANG_WARN_DEPRECATED_OBJC_IMPLEMENTATIONS = YES;
				CLANG_WARN_DIRECT_OBJC_ISA_USAGE = YES_ERROR;
				CLANG_WARN_DOCUMENTATION_COMMENTS = YES;
				CLANG_WARN_EMPTY_BODY = YES;
				CLANG_WARN_ENUM_CONVERSION = YES;
				CLANG_WARN_INFINITE_RECURSION = YES;
				CLANG_WARN_INT_CONVERSION = YES;
				CLANG_WARN_NON_LITERAL_NULL_CONVERSION = YES;
				CLANG_WARN_OBJC_IMPLICIT_RETAIN_SELF = YES;
				CLANG_WARN_OBJC_LITERAL_CONVERSION = YES;
				CLANG_WARN_OBJC_ROOT_CLASS = YES_ERROR;
				CLANG_WARN_QUOTED_INCLUDE_IN_FRAMEWORK_HEADER = YES;
				CLANG_WARN_RANGE_LOOP_ANALYSIS = YES;
				CLANG_WARN_STRICT_PROTOTYPES = YES;
				CLANG_WARN_SUSPICIOUS_MOVE = YES;
				CLANG_WARN_UNGUARDED_AVAILABILITY = YES_AGGRESSIVE;
				CLANG_WARN_UNREACHABLE_CODE = YES;
				CLANG_WARN__DUPLICATE_METHOD_MATCH = YES;
				COPY_PHASE_STRIP = NO;
				DEBUG_INFORMATION_FORMAT = dwarf;
				ENABLE_STRICT_OBJC_MSGSEND = YES;
				ENABLE_TESTABILITY = YES;
				GCC_C_LANGUAGE_STANDARD = gnu11;
				GCC_DYNAMIC_NO_PIC = NO;
				GCC_NO_COMMON_BLOCKS = YES;
				GCC_OPTIMIZATION_LEVEL = 0;
				GCC_PREPROCESSOR_DEFINITIONS = (
					"DEBUG=1",
					"$(inherited)",
				);
				GCC_WARN_64_TO_32_BIT_CONVERSION = YES;
				GCC_WARN_ABOUT_RETURN_TYPE = YES_ERROR;
				GCC_WARN_UNDECLARED_SELECTOR = YES;
				GCC_WARN_UNINITIALIZED_AUTOS = YES_AGGRESSIVE;
				GCC_WARN_UNUSED_FUNCTION = YES;
				GCC_WARN_UNUSED_VARIABLE = YES;
				IPHONEOS_DEPLOYMENT_TARGET = 15.0;
				MTL_ENABLE_DEBUG_INFO = INCLUDE_SOURCE;
				MTL_FAST_MATH = YES;
				ONLY_ACTIVE_ARCH = YES;
				SDKROOT = iphoneos;
				SWIFT_ACTIVE_COMPILATION_CONDITIONS = DEBUG;
				SWIFT_OPTIMIZATION_LEVEL = "-Onone";
			};
			name = Debug;
		};
		901C275F2770FBC60043CFFE /* Release */ = {
			isa = XCBuildConfiguration;
			buildSettings = {
				ALWAYS_SEARCH_USER_PATHS = NO;
				CLANG_ANALYZER_NONNULL = YES;
				CLANG_ANALYZER_NUMBER_OBJECT_CONVERSION = YES_AGGRESSIVE;
				CLANG_CXX_LANGUAGE_STANDARD = "gnu++17";
				CLANG_CXX_LIBRARY = "libc++";
				CLANG_ENABLE_MODULES = YES;
				CLANG_ENABLE_OBJC_ARC = YES;
				CLANG_ENABLE_OBJC_WEAK = YES;
				CLANG_WARN_BLOCK_CAPTURE_AUTORELEASING = YES;
				CLANG_WARN_BOOL_CONVERSION = YES;
				CLANG_WARN_COMMA = YES;
				CLANG_WARN_CONSTANT_CONVERSION = YES;
				CLANG_WARN_DEPRECATED_OBJC_IMPLEMENTATIONS = YES;
				CLANG_WARN_DIRECT_OBJC_ISA_USAGE = YES_ERROR;
				CLANG_WARN_DOCUMENTATION_COMMENTS = YES;
				CLANG_WARN_EMPTY_BODY = YES;
				CLANG_WARN_ENUM_CONVERSION = YES;
				CLANG_WARN_INFINITE_RECURSION = YES;
				CLANG_WARN_INT_CONVERSION = YES;
				CLANG_WARN_NON_LITERAL_NULL_CONVERSION = YES;
				CLANG_WARN_OBJC_IMPLICIT_RETAIN_SELF = YES;
				CLANG_WARN_OBJC_LITERAL_CONVERSION = YES;
				CLANG_WARN_OBJC_ROOT_CLASS = YES_ERROR;
				CLANG_WARN_QUOTED_INCLUDE_IN_FRAMEWORK_HEADER = YES;
				CLANG_WARN_RANGE_LOOP_ANALYSIS = YES;
				CLANG_WARN_STRICT_PROTOTYPES = YES;
				CLANG_WARN_SUSPICIOUS_MOVE = YES;
				CLANG_WARN_UNGUARDED_AVAILABILITY = YES_AGGRESSIVE;
				CLANG_WARN_UNREACHABLE_CODE = YES;
				CLANG_WARN__DUPLICATE_METHOD_MATCH = YES;
				COPY_PHASE_STRIP = NO;
				DEBUG_INFORMATION_FORMAT = "dwarf-with-dsym";
				ENABLE_NS_ASSERTIONS = NO;
				ENABLE_STRICT_OBJC_MSGSEND = YES;
				GCC_C_LANGUAGE_STANDARD = gnu11;
				GCC_NO_COMMON_BLOCKS = YES;
				GCC_WARN_64_TO_32_BIT_CONVERSION = YES;
				GCC_WARN_ABOUT_RETURN_TYPE = YES_ERROR;
				GCC_WARN_UNDECLARED_SELECTOR = YES;
				GCC_WARN_UNINITIALIZED_AUTOS = YES_AGGRESSIVE;
				GCC_WARN_UNUSED_FUNCTION = YES;
				GCC_WARN_UNUSED_VARIABLE = YES;
				IPHONEOS_DEPLOYMENT_TARGET = 15.0;
				MTL_ENABLE_DEBUG_INFO = NO;
				MTL_FAST_MATH = YES;
				SDKROOT = iphoneos;
				SWIFT_COMPILATION_MODE = wholemodule;
				SWIFT_OPTIMIZATION_LEVEL = "-O";
				VALIDATE_PRODUCT = YES;
			};
			name = Release;
		};
		901C27612770FBC60043CFFE /* Debug */ = {
			isa = XCBuildConfiguration;
			baseConfigurationReference = 7FE0BABE80C631ED0AC299F4 /* Pods-BigRedTalks.debug.xcconfig */;
			buildSettings = {
				ASSETCATALOG_COMPILER_APPICON_NAME = AppIcon;
				ASSETCATALOG_COMPILER_GLOBAL_ACCENT_COLOR_NAME = AccentColor;
				CODE_SIGN_STYLE = Automatic;
				CURRENT_PROJECT_VERSION = 1;
				DEVELOPMENT_ASSET_PATHS = "\"BigRedTalks/Preview Content\"";
				DEVELOPMENT_TEAM = 74GH3UD64G;
				ENABLE_PREVIEWS = YES;
				GENERATE_INFOPLIST_FILE = YES;
				INFOPLIST_FILE = BigRedTalks/Info.plist;
				INFOPLIST_KEY_NSLocationWhenInUseUsageDescription = "This app needs your location to verify you are by the Cornell Campus.";
				INFOPLIST_KEY_UIApplicationSceneManifest_Generation = YES;
				INFOPLIST_KEY_UIApplicationSupportsIndirectInputEvents = YES;
				INFOPLIST_KEY_UILaunchScreen_Generation = YES;
				INFOPLIST_KEY_UISupportedInterfaceOrientations = UIInterfaceOrientationPortrait;
				INFOPLIST_KEY_UISupportedInterfaceOrientations_iPhone = UIInterfaceOrientationPortrait;
				LD_RUNPATH_SEARCH_PATHS = (
					"$(inherited)",
					"@executable_path/Frameworks",
				);
				MARKETING_VERSION = 1.0;
				PRODUCT_BUNDLE_IDENTIFIER = io.github.connorjchen.BigRedTalks;
				PRODUCT_NAME = "$(TARGET_NAME)";
				SWIFT_EMIT_LOC_STRINGS = YES;
				SWIFT_VERSION = 5.0;
				TARGETED_DEVICE_FAMILY = 1;
			};
			name = Debug;
		};
		901C27622770FBC60043CFFE /* Release */ = {
			isa = XCBuildConfiguration;
			baseConfigurationReference = 0DA05D5882A23CDC8A82FCF9 /* Pods-BigRedTalks.release.xcconfig */;
			buildSettings = {
				ASSETCATALOG_COMPILER_APPICON_NAME = AppIcon;
				ASSETCATALOG_COMPILER_GLOBAL_ACCENT_COLOR_NAME = AccentColor;
				CODE_SIGN_STYLE = Automatic;
				CURRENT_PROJECT_VERSION = 1;
				DEVELOPMENT_ASSET_PATHS = "\"BigRedTalks/Preview Content\"";
				DEVELOPMENT_TEAM = 74GH3UD64G;
				ENABLE_PREVIEWS = YES;
				GENERATE_INFOPLIST_FILE = YES;
				INFOPLIST_FILE = BigRedTalks/Info.plist;
				INFOPLIST_KEY_NSLocationWhenInUseUsageDescription = "This app needs your location to verify you are by the Cornell Campus.";
				INFOPLIST_KEY_UIApplicationSceneManifest_Generation = YES;
				INFOPLIST_KEY_UIApplicationSupportsIndirectInputEvents = YES;
				INFOPLIST_KEY_UILaunchScreen_Generation = YES;
				INFOPLIST_KEY_UISupportedInterfaceOrientations = UIInterfaceOrientationPortrait;
				INFOPLIST_KEY_UISupportedInterfaceOrientations_iPhone = UIInterfaceOrientationPortrait;
				LD_RUNPATH_SEARCH_PATHS = (
					"$(inherited)",
					"@executable_path/Frameworks",
				);
				MARKETING_VERSION = 1.0;
				PRODUCT_BUNDLE_IDENTIFIER = io.github.connorjchen.BigRedTalks;
				PRODUCT_NAME = "$(TARGET_NAME)";
				SWIFT_EMIT_LOC_STRINGS = YES;
				SWIFT_VERSION = 5.0;
				TARGETED_DEVICE_FAMILY = 1;
			};
			name = Release;
		};
/* End XCBuildConfiguration section */

/* Begin XCConfigurationList section */
		901C274D2770FBC30043CFFE /* Build configuration list for PBXProject "BigRedTalks" */ = {
			isa = XCConfigurationList;
			buildConfigurations = (
				901C275E2770FBC60043CFFE /* Debug */,
				901C275F2770FBC60043CFFE /* Release */,
			);
			defaultConfigurationIsVisible = 0;
			defaultConfigurationName = Release;
		};
		901C27602770FBC60043CFFE /* Build configuration list for PBXNativeTarget "BigRedTalks" */ = {
			isa = XCConfigurationList;
			buildConfigurations = (
				901C27612770FBC60043CFFE /* Debug */,
				901C27622770FBC60043CFFE /* Release */,
			);
			defaultConfigurationIsVisible = 0;
			defaultConfigurationName = Release;
		};
/* End XCConfigurationList section */
	};
	rootObject = 901C274A2770FBC30043CFFE /* Project object */;
}
